
Microsoft Visual Studio Solution File, Format Version 12.00
# Visual Studio Version 17
VisualStudioVersion = 17.2.32526.322
MinimumVisualStudioVersion = 10.0.40219.1
Project("{9A19103F-16F7-4668-BE54-9A1E7A4F7556}") = "MinimalHttpClientFacade", "src\HttpClientFacade\MinimalHttpClientFacade.csproj", "{ECFFEE21-1CF9-4EC2-94F5-AFE222DDF408}"
EndProject
Project("{2150E333-8FDC-42A3-9474-1A3956D46DE8}") = "src", "src", "{89C2BAB5-CF42-49CC-B3CF-23926FE02D25}"
EndProject
Project("{2150E333-8FDC-42A3-9474-1A3956D46DE8}") = "test", "test", "{6C3981DB-CBAC-4C2F-BC99-58D75A667979}"
EndProject
Project("{FAE04EC0-301F-11D3-BF4B-00C04F79EFBC}") = "MinimalHttpClientFacadeTests", "test\HttpClientFacadeTests\MinimalHttpClientFacadeTests.csproj", "{AEEF964A-09FA-4316-B4C2-C5450CB7F55B}"
EndProject
Global
	GlobalSection(SolutionConfigurationPlatforms) = preSolution
		Debug|Any CPU = Debug|Any CPU
		Release|Any CPU = Release|Any CPU
	EndGlobalSection
	GlobalSection(ProjectConfigurationPlatforms) = postSolution
		{ECFFEE21-1CF9-4EC2-94F5-AFE222DDF408}.Debug|Any CPU.ActiveCfg = Debug|Any CPU
		{ECFFEE21-1CF9-4EC2-94F5-AFE222DDF408}.Debug|Any CPU.Build.0 = Debug|Any CPU
		{ECFFEE21-1CF9-4EC2-94F5-AFE222DDF408}.Release|Any CPU.ActiveCfg = Release|Any CPU
		{ECFFEE21-1CF9-4EC2-94F5-AFE222DDF408}.Release|Any CPU.Build.0 = Release|Any CPU
		{AEEF964A-09FA-4316-B4C2-C5450CB7F55B}.Debug|Any CPU.ActiveCfg = Debug|Any CPU
		{AEEF964A-09FA-4316-B4C2-C5450CB7F55B}.Debug|Any CPU.Build.0 = Debug|Any CPU
		{AEEF964A-09FA-4316-B4C2-C5450CB7F55B}.Release|Any CPU.ActiveCfg = Release|Any CPU
		{AEEF964A-09FA-4316-B4C2-C5450CB7F55B}.Release|Any CPU.Build.0 = Release|Any CPU
	EndGlobalSection
	GlobalSection(SolutionProperties) = preSolution
		HideSolutionNode = FALSE
	EndGlobalSection
	GlobalSection(NestedProjects) = preSolution
		{ECFFEE21-1CF9-4EC2-94F5-AFE222DDF408} = {89C2BAB5-CF42-49CC-B3CF-23926FE02D25}
		{AEEF964A-09FA-4316-B4C2-C5450CB7F55B} = {6C3981DB-CBAC-4C2F-BC99-58D75A667979}
	EndGlobalSection
	GlobalSection(ExtensibilityGlobals) = postSolution
		SolutionGuid = {26734E0F-A0F7-43B8-AD57-F906E14AC057}
	EndGlobalSection
EndGlobal
